
Microsoft Visual Studio Solution File, Format Version 12.00
# Visual Studio Version 17
VisualStudioVersion = 17.9.34701.34
MinimumVisualStudioVersion = 10.0.40219.1
Project("{FAE04EC0-301F-11D3-BF4B-00C04F79EFBC}") = "GS", "GS\GS.csproj", "{9FA7FE3B-58E1-4FFD-9ADD-6F94C7AAA4B3}"
EndProject
Global
	GlobalSection(SolutionConfigurationPlatforms) = preSolution
		Debug|Any CPU = Debug|Any CPU
		Release|Any CPU = Release|Any CPU
	EndGlobalSection
	GlobalSection(ProjectConfigurationPlatforms) = postSolution
		{9FA7FE3B-58E1-4FFD-9ADD-6F94C7AAA4B3}.Debug|Any CPU.ActiveCfg = Debug|Any CPU
		{9FA7FE3B-58E1-4FFD-9ADD-6F94C7AAA4B3}.Debug|Any CPU.Build.0 = Debug|Any CPU
		{9FA7FE3B-58E1-4FFD-9ADD-6F94C7AAA4B3}.Release|Any CPU.ActiveCfg = Release|Any CPU
		{9FA7FE3B-58E1-4FFD-9ADD-6F94C7AAA4B3}.Release|Any CPU.Build.0 = Release|Any CPU
	EndGlobalSection
	GlobalSection(SolutionProperties) = preSolution
		HideSolutionNode = FALSE
	EndGlobalSection
	GlobalSection(ExtensibilityGlobals) = postSolution
		SolutionGuid = {A9A222FF-EE40-4C0F-9275-35E0C65B14B3}
	EndGlobalSection
EndGlobal
